lockfileVersion: '9.0'

settings:
  autoInstallPeers: true
  excludeLinksFromLockfile: false

importers:

  .:
    dependencies:
      '@openzeppelin/contracts':
        specifier: '=5.2.0'
        version: 5.2.0
      '@openzeppelin/contracts-upgradeable':
        specifier: '=5.2.0'
        version: 5.2.0(@openzeppelin/contracts@5.2.0)
    devDependencies:
      forge-std:
        specifier: github:foundry-rs/forge-std#v1.9.6
        version: https://codeload.github.com/foundry-rs/forge-std/tar.gz/3b20d60d14b343ee4f908cb8079495c07f5e8981

packages:

  '@openzeppelin/contracts-upgradeable@5.2.0':
    resolution: {integrity: sha512-mZIu9oa4tQTlGiOJHk6D3LdJlqFqF6oNOSn6S6UVJtzfs9UsY9/dhMEbAVTwElxUtJnjpf6yA062+oBp+eOyPg==}
    peerDependencies:
      '@openzeppelin/contracts': 5.2.0

  '@openzeppelin/contracts@5.2.0':
    resolution: {integrity: sha512-bxjNie5z89W1Ea0NZLZluFh8PrFNn9DH8DQlujEok2yjsOlraUPKID5p1Wk3qdNbf6XkQ1Os2RvfiHrrXLHWKA==}

  forge-std@https://codeload.github.com/foundry-rs/forge-std/tar.gz/3b20d60d14b343ee4f908cb8079495c07f5e8981:
    resolution: {tarball: https://codeload.github.com/foundry-rs/forge-std/tar.gz/3b20d60d14b343ee4f908cb8079495c07f5e8981}
    version: 1.9.6

snapshots:

  '@openzeppelin/contracts-upgradeable@5.2.0(@openzeppelin/contracts@5.2.0)':
    dependencies:
      '@openzeppelin/contracts': 5.2.0

  '@openzeppelin/contracts@5.2.0': {}

  forge-std@https://codeload.github.com/foundry-rs/forge-std/tar.gz/3b20d60d14b343ee4f908cb8079495c07f5e8981: {}
